
Microsoft Visual Studio Solution File, Format Version 12.00
# Visual Studio Version 16
VisualStudioVersion = 16.0.31410.357
MinimumVisualStudioVersion = 10.0.40219.1
Project("{FAE04EC0-301F-11D3-BF4B-00C04F79EFBC}") = "ImageResizeBenchmark", "ImageResizeBenchmark.csproj", "{94CE81EB-D516-466B-BFA4-C71822BEA2D3}"
EndProject
Global
	GlobalSection(SolutionConfigurationPlatforms) = preSolution
		Debug|Any CPU = Debug|Any CPU
		Release|Any CPU = Release|Any CPU
	EndGlobalSection
	GlobalSection(ProjectConfigurationPlatforms) = postSolution
		{94CE81EB-D516-466B-BFA4-C71822BEA2D3}.Debug|Any CPU.ActiveCfg = Debug|Any CPU
		{94CE81EB-D516-466B-BFA4-C71822BEA2D3}.Debug|Any CPU.Build.0 = Debug|Any CPU
		{94CE81EB-D516-466B-BFA4-C71822BEA2D3}.Release|Any CPU.ActiveCfg = Release|Any CPU
		{94CE81EB-D516-466B-BFA4-C71822BEA2D3}.Release|Any CPU.Build.0 = Release|Any CPU
	EndGlobalSection
	GlobalSection(SolutionProperties) = preSolution
		HideSolutionNode = FALSE
	EndGlobalSection
	GlobalSection(ExtensibilityGlobals) = postSolution
		SolutionGuid = {7C010411-11AA-4B81-8A04-A9F76159D761}
	EndGlobalSection
EndGlobal
